
Microsoft Visual Studio Solution File, Format Version 12.00
# Visual Studio Version 17
VisualStudioVersion = 17.11.35222.181
MinimumVisualStudioVersion = 10.0.40219.1
Project("{FAE04EC0-301F-11D3-BF4B-00C04F79EFBC}") = "Lektion5_MainApp", "Lektion5_MainApp\Lektion5_MainApp.csproj", "{C15F44B0-0B14-4B31-8EFB-199E9835D472}"
EndProject
Global
	GlobalSection(SolutionConfigurationPlatforms) = preSolution
		Debug|Any CPU = Debug|Any CPU
		Release|Any CPU = Release|Any CPU
	EndGlobalSection
	GlobalSection(ProjectConfigurationPlatforms) = postSolution
		{C15F44B0-0B14-4B31-8EFB-199E9835D472}.Debug|Any CPU.ActiveCfg = Debug|Any CPU
		{C15F44B0-0B14-4B31-8EFB-199E9835D472}.Debug|Any CPU.Build.0 = Debug|Any CPU
		{C15F44B0-0B14-4B31-8EFB-199E9835D472}.Release|Any CPU.ActiveCfg = Release|Any CPU
		{C15F44B0-0B14-4B31-8EFB-199E9835D472}.Release|Any CPU.Build.0 = Release|Any CPU
	EndGlobalSection
	GlobalSection(SolutionProperties) = preSolution
		HideSolutionNode = FALSE
	EndGlobalSection
	GlobalSection(ExtensibilityGlobals) = postSolution
		SolutionGuid = {59255641-3915-447D-99C3-47CC4F079592}
	EndGlobalSection
EndGlobal
